
Microsoft Visual Studio Solution File, Format Version 12.00
# Visual Studio Version 17
VisualStudioVersion = 17.4.33122.133
MinimumVisualStudioVersion = 10.0.40219.1
Project("{FAE04EC0-301F-11D3-BF4B-00C04F79EFBC}") = "SyncDatcDBs", "SyncDatcDBs\SyncDatcDBs.csproj", "{7C378D3B-4C99-4DC0-B5A7-4A510318A62F}"
EndProject
Global
	GlobalSection(SolutionConfigurationPlatforms) = preSolution
		Debug|Any CPU = Debug|Any CPU
		Release|Any CPU = Release|Any CPU
	EndGlobalSection
	GlobalSection(ProjectConfigurationPlatforms) = postSolution
		{7C378D3B-4C99-4DC0-B5A7-4A510318A62F}.Debug|Any CPU.ActiveCfg = Debug|Any CPU
		{7C378D3B-4C99-4DC0-B5A7-4A510318A62F}.Debug|Any CPU.Build.0 = Debug|Any CPU
		{7C378D3B-4C99-4DC0-B5A7-4A510318A62F}.Release|Any CPU.ActiveCfg = Release|Any CPU
		{7C378D3B-4C99-4DC0-B5A7-4A510318A62F}.Release|Any CPU.Build.0 = Release|Any CPU
	EndGlobalSection
	GlobalSection(SolutionProperties) = preSolution
		HideSolutionNode = FALSE
	EndGlobalSection
	GlobalSection(ExtensibilityGlobals) = postSolution
		SolutionGuid = {CD1703CF-4E0B-4B2B-8DBD-C82D4C8A7E82}
	EndGlobalSection
EndGlobal
